
Microsoft Visual Studio Solution File, Format Version 12.00
# Visual Studio Version 16
VisualStudioVersion = 16.0.810.16
MinimumVisualStudioVersion = 10.0.40219.1
Project("{FAE04EC0-301F-11D3-BF4B-00C04F79EFBC}") = "TodoApi", "TodosApi\TodoApi.csproj", "{B0D30029-6063-4ADC-AB17-0746FE3241CF}"
EndProject
Global
	GlobalSection(SolutionConfigurationPlatforms) = preSolution
		Debug|Any CPU = Debug|Any CPU
		Release|Any CPU = Release|Any CPU
	EndGlobalSection
	GlobalSection(ProjectConfigurationPlatforms) = postSolution
		{B0D30029-6063-4ADC-AB17-0746FE3241CF}.Debug|Any CPU.ActiveCfg = Debug|Any CPU
		{B0D30029-6063-4ADC-AB17-0746FE3241CF}.Debug|Any CPU.Build.0 = Debug|Any CPU
		{B0D30029-6063-4ADC-AB17-0746FE3241CF}.Release|Any CPU.ActiveCfg = Release|Any CPU
		{B0D30029-6063-4ADC-AB17-0746FE3241CF}.Release|Any CPU.Build.0 = Release|Any CPU
	EndGlobalSection
	GlobalSection(SolutionProperties) = preSolution
		HideSolutionNode = FALSE
	EndGlobalSection
	GlobalSection(ExtensibilityGlobals) = postSolution
		SolutionGuid = {CDA4AC28-7F91-4492-B35C-EF9258A50BD3}
	EndGlobalSection
EndGlobal
